
Microsoft Visual Studio Solution File, Format Version 12.00
# Visual Studio 15
VisualStudioVersion = 15.0.28307.779
MinimumVisualStudioVersion = 10.0.40219.1
Project("{8BC9CEB8-8B4A-11D0-8D11-00A0C91BC942}") = "树", "树\树.vcxproj", "{CC85297B-32C0-40D5-9122-DA8031B4C623}"
EndProject
Global
	GlobalSection(SolutionConfigurationPlatforms) = preSolution
		Debug|x64 = Debug|x64
		Debug|x86 = Debug|x86
		Release|x64 = Release|x64
		Release|x86 = Release|x86
	EndGlobalSection
	GlobalSection(ProjectConfigurationPlatforms) = postSolution
		{CC85297B-32C0-40D5-9122-DA8031B4C623}.Debug|x64.ActiveCfg = Debug|x64
		{CC85297B-32C0-40D5-9122-DA8031B4C623}.Debug|x64.Build.0 = Debug|x64
		{CC85297B-32C0-40D5-9122-DA8031B4C623}.Debug|x86.ActiveCfg = Debug|Win32
		{CC85297B-32C0-40D5-9122-DA8031B4C623}.Debug|x86.Build.0 = Debug|Win32
		{CC85297B-32C0-40D5-9122-DA8031B4C623}.Release|x64.ActiveCfg = Release|x64
		{CC85297B-32C0-40D5-9122-DA8031B4C623}.Release|x64.Build.0 = Release|x64
		{CC85297B-32C0-40D5-9122-DA8031B4C623}.Release|x86.ActiveCfg = Release|Win32
		{CC85297B-32C0-40D5-9122-DA8031B4C623}.Release|x86.Build.0 = Release|Win32
	EndGlobalSection
	GlobalSection(SolutionProperties) = preSolution
		HideSolutionNode = FALSE
	EndGlobalSection
	GlobalSection(ExtensibilityGlobals) = postSolution
		SolutionGuid = {EBE3F03F-3226-49B4-976C-A8EDC7EEB895}
	EndGlobalSection
EndGlobal
